{
    "_readme": [
        "This file locks the dependencies of your project to a known state",
        "Read more about it at http://getcomposer.org/doc/01-basic-usage.md#composer-lock-the-lock-file"
    ],
    "hash": "f34f4457fac2f975e040552db0b6884b",
    "packages": [
        {
            "name": "brainsware/php-markdown-extra-extended",
            "version": "0.1.0",
            "source": {
                "type": "git",
                "url": "https://github.com/Brainsware/php-markdown-extra-extended.git",
                "reference": "0.1.0"
            },
            "dist": {
                "type": "zip",
                "url": "https://api.github.com/repos/Brainsware/php-markdown-extra-extended/zipball/0.1.0",
                "reference": "0.1.0",
                "shasum": ""
            },
            "require": {
                "php": ">=5.3"
            },
            "type": "library",
            "notification-url": "https://packagist.org/downloads/",
            "license": [
                "MIT"
            ],
            "description": "PHP Markdown & Extra",
            "homepage": "https://github.com/Brainsware/php-markdown-extra-extended",
            "keywords": [
                "markdown"
            ],
            "time": "2013-03-14 14:30:35"
        },
        {
            "name": "zweifisch/zf",
            "version": "dev-master",
            "source": {
                "type": "git",
                "url": "https://github.com/zweifisch/zf.git",
                "reference": "e3aec1f7f916899acf08ecf0b981b8de4aaade84"
            },
            "dist": {
                "type": "zip",
                "url": "https://api.github.com/repos/zweifisch/zf/zipball/e3aec1f7f916899acf08ecf0b981b8de4aaade84",
                "reference": "e3aec1f7f916899acf08ecf0b981b8de4aaade84",
                "shasum": ""
            },
            "require": {
                "php": ">=5.4.0"
            },
            "require-dev": {
                "mustache/mustache": "*",
                "phpunit/phpunit": "3.7.*"
            },
            "type": "library",
            "autoload": {
                "psr-0": {
                    "zf": "."
                }
            },
            "notification-url": "https://packagist.org/downloads/",
            "license": [
                "MIT"
            ],
            "authors": [
                {
                    "name": "Feng Zhou",
                    "email": "zf.pascal@gmail.com"
                }
            ],
            "description": "a micro php web/cli framework/router",
            "homepage": "https://github.com/zweifisch/zf",
            "keywords": [
                "cli",
                "microframework",
                "rest",
                "router"
            ],
            "time": "2013-08-19 14:47:42"
        }
    ],
    "packages-dev": [

    ],
    "aliases": [

    ],
    "minimum-stability": "stable",
    "stability-flags": {
        "zweifisch/zf": 20
    },
    "platform": [

    ],
    "platform-dev": [

    ]
}
